
Microsoft Visual Studio Solution File, Format Version 12.00
# Visual Studio Version 17
VisualStudioVersion = 17.2.32602.215
MinimumVisualStudioVersion = 10.0.40219.1
Project("{FAE04EC0-301F-11D3-BF4B-00C04F79EFBC}") = "01_MainSubjects", "01_MainSubjects\01_MainSubjects.csproj", "{163DF333-3ADC-472B-AD1E-4947C38D4BD7}"
EndProject
Project("{FAE04EC0-301F-11D3-BF4B-00C04F79EFBC}") = "02_Variables", "02_Variables\02_Variables.csproj", "{7C27C651-F3C5-4674-8EF3-A61469F5DE16}"
EndProject
Project("{FAE04EC0-301F-11D3-BF4B-00C04F79EFBC}") = "03_MakingDecision", "03_MakingDecision\03_MakingDecision.csproj", "{C2FB6025-FCE6-401F-A314-DADDF7EBC057}"
EndProject
Project("{FAE04EC0-301F-11D3-BF4B-00C04F79EFBC}") = "04_Loops", "04_Loops\04_Loops.csproj", "{4332768E-F08A-4383-BDFC-7E6F7F9ADDA9}"
EndProject
Project("{FAE04EC0-301F-11D3-BF4B-00C04F79EFBC}") = "05_LoopsWithStars", "05_LoopsWithStars\05_LoopsWithStars.csproj", "{B04A24DF-2C32-46F6-B04A-64935FA1CF99}"
EndProject
Project("{FAE04EC0-301F-11D3-BF4B-00C04F79EFBC}") = "06_Arrays", "06_Arrays\06_Arrays.csproj", "{7C7668DC-395D-48A1-A5CF-4C9B359CA33C}"
EndProject
Project("{FAE04EC0-301F-11D3-BF4B-00C04F79EFBC}") = "07_ForeachLoops", "07_ForeachLoops\07_ForeachLoops.csproj", "{6008434F-1356-410B-AB6A-4C474146D02D}"
EndProject
Project("{FAE04EC0-301F-11D3-BF4B-00C04F79EFBC}") = "08_Methods", "08_Methods\08_Methods.csproj", "{8CE038EE-931E-428B-979A-DCEA8D4CDE3B}"
EndProject
Project("{FAE04EC0-301F-11D3-BF4B-00C04F79EFBC}") = "09_DatabaseProject", "09_DatabaseProject\09_DatabaseProject.csproj", "{23A0C50C-D57F-4F2C-9139-1DFBFA6098FD}"
EndProject
Global
	GlobalSection(SolutionConfigurationPlatforms) = preSolution
		Debug|Any CPU = Debug|Any CPU
		Release|Any CPU = Release|Any CPU
	EndGlobalSection
	GlobalSection(ProjectConfigurationPlatforms) = postSolution
		{163DF333-3ADC-472B-AD1E-4947C38D4BD7}.Debug|Any CPU.ActiveCfg = Debug|Any CPU
		{163DF333-3ADC-472B-AD1E-4947C38D4BD7}.Debug|Any CPU.Build.0 = Debug|Any CPU
		{163DF333-3ADC-472B-AD1E-4947C38D4BD7}.Release|Any CPU.ActiveCfg = Release|Any CPU
		{163DF333-3ADC-472B-AD1E-4947C38D4BD7}.Release|Any CPU.Build.0 = Release|Any CPU
		{7C27C651-F3C5-4674-8EF3-A61469F5DE16}.Debug|Any CPU.ActiveCfg = Debug|Any CPU
		{7C27C651-F3C5-4674-8EF3-A61469F5DE16}.Debug|Any CPU.Build.0 = Debug|Any CPU
		{7C27C651-F3C5-4674-8EF3-A61469F5DE16}.Release|Any CPU.ActiveCfg = Release|Any CPU
		{7C27C651-F3C5-4674-8EF3-A61469F5DE16}.Release|Any CPU.Build.0 = Release|Any CPU
		{C2FB6025-FCE6-401F-A314-DADDF7EBC057}.Debug|Any CPU.ActiveCfg = Debug|Any CPU
		{C2FB6025-FCE6-401F-A314-DADDF7EBC057}.Debug|Any CPU.Build.0 = Debug|Any CPU
		{C2FB6025-FCE6-401F-A314-DADDF7EBC057}.Release|Any CPU.ActiveCfg = Release|Any CPU
		{C2FB6025-FCE6-401F-A314-DADDF7EBC057}.Release|Any CPU.Build.0 = Release|Any CPU
		{4332768E-F08A-4383-BDFC-7E6F7F9ADDA9}.Debug|Any CPU.ActiveCfg = Debug|Any CPU
		{4332768E-F08A-4383-BDFC-7E6F7F9ADDA9}.Debug|Any CPU.Build.0 = Debug|Any CPU
		{4332768E-F08A-4383-BDFC-7E6F7F9ADDA9}.Release|Any CPU.ActiveCfg = Release|Any CPU
		{4332768E-F08A-4383-BDFC-7E6F7F9ADDA9}.Release|Any CPU.Build.0 = Release|Any CPU
		{B04A24DF-2C32-46F6-B04A-64935FA1CF99}.Debug|Any CPU.ActiveCfg = Debug|Any CPU
		{B04A24DF-2C32-46F6-B04A-64935FA1CF99}.Debug|Any CPU.Build.0 = Debug|Any CPU
		{B04A24DF-2C32-46F6-B04A-64935FA1CF99}.Release|Any CPU.ActiveCfg = Release|Any CPU
		{B04A24DF-2C32-46F6-B04A-64935FA1CF99}.Release|Any CPU.Build.0 = Release|Any CPU
		{7C7668DC-395D-48A1-A5CF-4C9B359CA33C}.Debug|Any CPU.ActiveCfg = Debug|Any CPU
		{7C7668DC-395D-48A1-A5CF-4C9B359CA33C}.Debug|Any CPU.Build.0 = Debug|Any CPU
		{7C7668DC-395D-48A1-A5CF-4C9B359CA33C}.Release|Any CPU.ActiveCfg = Release|Any CPU
		{7C7668DC-395D-48A1-A5CF-4C9B359CA33C}.Release|Any CPU.Build.0 = Release|Any CPU
		{6008434F-1356-410B-AB6A-4C474146D02D}.Debug|Any CPU.ActiveCfg = Debug|Any CPU
		{6008434F-1356-410B-AB6A-4C474146D02D}.Debug|Any CPU.Build.0 = Debug|Any CPU
		{6008434F-1356-410B-AB6A-4C474146D02D}.Release|Any CPU.ActiveCfg = Release|Any CPU
		{6008434F-1356-410B-AB6A-4C474146D02D}.Release|Any CPU.Build.0 = Release|Any CPU
		{8CE038EE-931E-428B-979A-DCEA8D4CDE3B}.Debug|Any CPU.ActiveCfg = Debug|Any CPU
		{8CE038EE-931E-428B-979A-DCEA8D4CDE3B}.Debug|Any CPU.Build.0 = Debug|Any CPU
		{8CE038EE-931E-428B-979A-DCEA8D4CDE3B}.Release|Any CPU.ActiveCfg = Release|Any CPU
		{8CE038EE-931E-428B-979A-DCEA8D4CDE3B}.Release|Any CPU.Build.0 = Release|Any CPU
		{23A0C50C-D57F-4F2C-9139-1DFBFA6098FD}.Debug|Any CPU.ActiveCfg = Debug|Any CPU
		{23A0C50C-D57F-4F2C-9139-1DFBFA6098FD}.Debug|Any CPU.Build.0 = Debug|Any CPU
		{23A0C50C-D57F-4F2C-9139-1DFBFA6098FD}.Release|Any CPU.ActiveCfg = Release|Any CPU
		{23A0C50C-D57F-4F2C-9139-1DFBFA6098FD}.Release|Any CPU.Build.0 = Release|Any CPU
	EndGlobalSection
	GlobalSection(SolutionProperties) = preSolution
		HideSolutionNode = FALSE
	EndGlobalSection
	GlobalSection(ExtensibilityGlobals) = postSolution
		SolutionGuid = {1A0CA838-37A6-4225-8955-E79EE3AF12B6}
	EndGlobalSection
EndGlobal
